
Microsoft Visual Studio Solution File, Format Version 12.00
# Visual Studio Version 16
VisualStudioVersion = 16.0.30204.135
MinimumVisualStudioVersion = 10.0.40219.1
Project("{9A19103F-16F7-4668-BE54-9A1E7A4F7556}") = "EmojiHelper", "EmojiHelper\EmojiHelper.csproj", "{2518371C-755C-4D86-A411-4CBB8CA49A5D}"
EndProject
Project("{9A19103F-16F7-4668-BE54-9A1E7A4F7556}") = "ConsoleTester", "ConsoleTester\ConsoleTester.csproj", "{36A73275-9A9B-4B66-9696-E451BF178287}"
EndProject
Project("{FAE04EC0-301F-11D3-BF4B-00C04F79EFBC}") = "Importer", "Importer\Importer.csproj", "{F7A791A7-E723-42D7-9E13-29ADA7291BDA}"
EndProject
Project("{FAE04EC0-301F-11D3-BF4B-00C04F79EFBC}") = "Shared", "Shared\Shared.csproj", "{BE1C2222-38CA-4AAF-8595-F912CDD6341F}"
EndProject
Global
	GlobalSection(SolutionConfigurationPlatforms) = preSolution
		Debug|Any CPU = Debug|Any CPU
		Release|Any CPU = Release|Any CPU
	EndGlobalSection
	GlobalSection(ProjectConfigurationPlatforms) = postSolution
		{2518371C-755C-4D86-A411-4CBB8CA49A5D}.Debug|Any CPU.ActiveCfg = Debug|Any CPU
		{2518371C-755C-4D86-A411-4CBB8CA49A5D}.Debug|Any CPU.Build.0 = Debug|Any CPU
		{2518371C-755C-4D86-A411-4CBB8CA49A5D}.Release|Any CPU.ActiveCfg = Release|Any CPU
		{2518371C-755C-4D86-A411-4CBB8CA49A5D}.Release|Any CPU.Build.0 = Release|Any CPU
		{36A73275-9A9B-4B66-9696-E451BF178287}.Debug|Any CPU.ActiveCfg = Debug|Any CPU
		{36A73275-9A9B-4B66-9696-E451BF178287}.Debug|Any CPU.Build.0 = Debug|Any CPU
		{36A73275-9A9B-4B66-9696-E451BF178287}.Release|Any CPU.ActiveCfg = Release|Any CPU
		{36A73275-9A9B-4B66-9696-E451BF178287}.Release|Any CPU.Build.0 = Release|Any CPU
		{F7A791A7-E723-42D7-9E13-29ADA7291BDA}.Debug|Any CPU.ActiveCfg = Debug|Any CPU
		{F7A791A7-E723-42D7-9E13-29ADA7291BDA}.Debug|Any CPU.Build.0 = Debug|Any CPU
		{F7A791A7-E723-42D7-9E13-29ADA7291BDA}.Release|Any CPU.ActiveCfg = Release|Any CPU
		{F7A791A7-E723-42D7-9E13-29ADA7291BDA}.Release|Any CPU.Build.0 = Release|Any CPU
		{BE1C2222-38CA-4AAF-8595-F912CDD6341F}.Debug|Any CPU.ActiveCfg = Debug|Any CPU
		{BE1C2222-38CA-4AAF-8595-F912CDD6341F}.Debug|Any CPU.Build.0 = Debug|Any CPU
		{BE1C2222-38CA-4AAF-8595-F912CDD6341F}.Release|Any CPU.ActiveCfg = Release|Any CPU
		{BE1C2222-38CA-4AAF-8595-F912CDD6341F}.Release|Any CPU.Build.0 = Release|Any CPU
	EndGlobalSection
	GlobalSection(SolutionProperties) = preSolution
		HideSolutionNode = FALSE
	EndGlobalSection
	GlobalSection(ExtensibilityGlobals) = postSolution
		SolutionGuid = {9DB0EDA5-BE30-42F6-BD4A-D69711865FF8}
	EndGlobalSection
EndGlobal
